<Solution>
  <Project Path="Battle/Battle.csproj" Id="3bac7176-9584-426f-a15c-7bbeb52592ac" />
  <Project Path="Center/Center.csproj" Id="a091d53a-04bf-42a7-8872-90f8ad4d21a1" />
  <Project Path="DB/DB.csproj" />
  <Project Path="Game/Game.csproj" />
  <Project Path="Gateway/Gateway.csproj" />
  <Project Path="Login/Login.csproj" />
  <Project Path="Network/Network.csproj" />
  <Project Path="Shared/Shared.csproj" />
  <Project Path="Protogen/Protogen.csproj" />
  <Project Path="Framework/Framework.Core/Framework.Core.csproj" />
  <Project Path="Framework/Framework.Protocol/Framework.Protocol.csproj" />
  <Project Path="Framework/Framework.Entity/Framework.Entity.csproj" />
  <Project Path="Framework/Framework.Tick/Framework.Tick.csproj" />
  <Project Path="Framework/Framework.Scripting/Framework.Scripting.csproj" />
  <Project Path="Tests/ProtocolVerify/ProtocolVerify.csproj" />
  <Project Path="Tests/ScriptHostVerify/ScriptHostVerify.csproj" />
  <Project Path="Tests/LoggerVerify/LoggerVerify.csproj" />
  <Project Path="Bots/Bots.csproj" />
  <Project Path="Logger/Logger.csproj" />
</Solution>
